
Microsoft Visual Studio Solution File, Format Version 12.00
# Visual Studio Version 16
VisualStudioVersion = 16.0.31424.327
MinimumVisualStudioVersion = 10.0.40219.1
Project("{FAE04EC0-301F-11D3-BF4B-00C04F79EFBC}") = "FirstProduct", "FirstProduct\FirstProduct.csproj", "{BA6312FF-F1E8-4909-95EA-B48CBC97E2BA}"
EndProject
Global
	GlobalSection(SolutionConfigurationPlatforms) = preSolution
		Debug|Any CPU = Debug|Any CPU
		Release|Any CPU = Release|Any CPU
	EndGlobalSection
	GlobalSection(ProjectConfigurationPlatforms) = postSolution
		{BA6312FF-F1E8-4909-95EA-B48CBC97E2BA}.Debug|Any CPU.ActiveCfg = Debug|Any CPU
		{BA6312FF-F1E8-4909-95EA-B48CBC97E2BA}.Debug|Any CPU.Build.0 = Debug|Any CPU
		{BA6312FF-F1E8-4909-95EA-B48CBC97E2BA}.Release|Any CPU.ActiveCfg = Release|Any CPU
		{BA6312FF-F1E8-4909-95EA-B48CBC97E2BA}.Release|Any CPU.Build.0 = Release|Any CPU
	EndGlobalSection
	GlobalSection(SolutionProperties) = preSolution
		HideSolutionNode = FALSE
	EndGlobalSection
	GlobalSection(ExtensibilityGlobals) = postSolution
		SolutionGuid = {6DDADA17-00B8-4150-8F46-EB1833276AA0}
	EndGlobalSection
EndGlobal
